dependencies:
- name: memcached
  repository: oci://registry-1.docker.io/cloudpirates
  version: 0.13.3
- name: redis
  repository: oci://registry-1.docker.io/cloudpirates
  version: 0.30.0
- name: valkey
  repository: oci://registry-1.docker.io/cloudpirates
  version: 0.21.2
- name: mariadb
  repository: oci://registry-1.docker.io/cloudpirates
  version: 0.16.5
digest: sha256:68406551c5383db395cd2a0c252803edceb19650ca40bcf937ed8b5e032a8ee7
generated: "2026-06-08T11:06:05.919860009Z"
