dependencies:
- name: memcached
  repository: oci://registry-1.docker.io/cloudpirates
  version: 0.13.2
- name: redis
  repository: oci://registry-1.docker.io/cloudpirates
  version: 0.27.9
- name: valkey
  repository: oci://registry-1.docker.io/cloudpirates
  version: 0.20.2
- name: mariadb
  repository: oci://registry-1.docker.io/cloudpirates
  version: 0.16.3
digest: sha256:ede1bc411dd035098b71a2162ac76a4f071ebb729a1a967784b3f9c1004ff9cf
generated: "2026-05-19T15:36:13.423262134Z"
