dependencies:
- name: memcached
  repository: oci://registry-1.docker.io/cloudpirates
  version: 0.13.3
- name: redis
  repository: oci://registry-1.docker.io/cloudpirates
  version: 0.30.0
- name: valkey
  repository: oci://registry-1.docker.io/cloudpirates
  version: 0.21.2
- name: mariadb
  repository: oci://registry-1.docker.io/cloudpirates
  version: 0.16.4
digest: sha256:86d669d41de9665ce495fdeaf776ce7c3b39c139af3d71955f9fbd9c03583b68
generated: "2026-06-03T12:14:24.684766412Z"
